{
    "_readme": [
        "This file locks the dependencies of your project to a known state",
        "Read more about it at http://getcomposer.org/doc/01-basic-usage.md#composer-lock-the-lock-file",
        "This file is @generated automatically"
    ],
    "hash": "dfe62d39f6704c95864e1cb111f3e6e7",
    "packages": [
        {
            "name": "bigbrush/yii2-big",
            "version": "dev-master",
            "source": {
                "type": "git",
                "url": "https://github.com/bigbrush/yii2-big.git",
                "reference": "06c503287a032cb351feaa442de02dbe6f170212"
            },
            "dist": {
                "type": "zip",
                "url": "https://api.github.com/repos/bigbrush/yii2-big/zipball/06c503287a032cb351feaa442de02dbe6f170212",
                "reference": "06c503287a032cb351feaa442de02dbe6f170212",
                "shasum": ""
            },
            "require": {
                "creocoder/yii2-nested-sets": "0.9.*",
                "tinymce/tinymce": ">=4",
                "yiisoft/yii2": "*",
                "yiisoft/yii2-bootstrap": "*",
                "yiisoft/yii2-jui": "~2.0.0"
            },
            "type": "yii2-extension",
            "autoload": {
                "psr-4": {
                    "bigbrush\\big\\": "src"
                }
            },
            "notification-url": "https://packagist.org/downloads/",
            "license": [
                "BSD-3-Clause"
            ],
            "authors": [
                {
                    "name": "BIG Brush Agency ApS",
                    "email": "mj@bigbrush-agency.com"
                }
            ],
            "description": "CMF for Yii 2",
            "keywords": [
                "cmf",
                "yii2"
            ],
            "time": "2015-05-16 19:29:50"
        },
        {
            "name": "bower-asset/bootstrap",
            "version": "v3.3.4",
            "source": {
                "type": "git",
                "url": "https://github.com/twbs/bootstrap.git",
                "reference": "a10eb60bc0b07b747fa0c4ebd8821eb7307bd07f"
            },
            "dist": {
                "type": "zip",
                "url": "https://api.github.com/repos/twbs/bootstrap/zipball/a10eb60bc0b07b747fa0c4ebd8821eb7307bd07f",
                "reference": "a10eb60bc0b07b747fa0c4ebd8821eb7307bd07f",
                "shasum": ""
            },
            "require": {
                "bower-asset/jquery": ">=1.9.1"
            },
            "type": "bower-asset-library",
            "extra": {
                "bower-asset-main": [
                    "less/bootstrap.less",
                    "dist/css/bootstrap.css",
                    "dist/js/bootstrap.js",
                    "dist/fonts/glyphicons-halflings-regular.eot",
                    "dist/fonts/glyphicons-halflings-regular.svg",
                    "dist/fonts/glyphicons-halflings-regular.ttf",
                    "dist/fonts/glyphicons-halflings-regular.woff",
                    "dist/fonts/glyphicons-halflings-regular.woff2"
                ],
                "bower-asset-ignore": [
                    "/.*",
                    "_config.yml",
                    "CNAME",
                    "composer.json",
                    "CONTRIBUTING.md",
                    "docs",
                    "js/tests",
                    "test-infra"
                ]
            },
            "description": "The most popular front-end framework for developing responsive, mobile first projects on the web.",
            "keywords": [
                "css",
                "framework",
                "front-end",
                "js",
                "less",
                "mobile-first",
                "responsive",
                "web"
            ]
        },
        {
            "name": "bower-asset/jquery",
            "version": "2.1.4",
            "source": {
                "type": "git",
                "url": "https://github.com/jquery/jquery.git",
                "reference": "7751e69b615c6eca6f783a81e292a55725af6b85"
            },
            "dist": {
                "type": "zip",
                "url": "https://api.github.com/repos/jquery/jquery/zipball/7751e69b615c6eca6f783a81e292a55725af6b85",
                "reference": "7751e69b615c6eca6f783a81e292a55725af6b85",
                "shasum": ""
            },
            "require-dev": {
                "bower-asset/qunit": "1.14.0",
                "bower-asset/requirejs": "2.1.10",
                "bower-asset/sinon": "1.8.1",
                "bower-asset/sizzle": "2.1.1-patch2"
            },
            "type": "bower-asset-library",
            "extra": {
                "bower-asset-main": "dist/jquery.js",
                "bower-asset-ignore": [
                    "**/.*",
                    "build",
                    "dist/cdn",
                    "speed",
                    "test",
                    "*.md",
                    "AUTHORS.txt",
                    "Gruntfile.js",
                    "package.json"
                ]
            },
            "license": [
                "MIT"
            ],
            "keywords": [
                "javascript",
                "jquery",
                "library"
            ]
        },
        {
            "name": "bower-asset/jquery-ui",
            "version": "1.11.4",
            "source": {
                "type": "git",
                "url": "https://github.com/components/jqueryui.git",
                "reference": "c34f8dbf3ba57b3784b93f26119f436c0e8288e1"
            },
            "dist": {
                "type": "zip",
                "url": "https://api.github.com/repos/components/jqueryui/zipball/c34f8dbf3ba57b3784b93f26119f436c0e8288e1",
                "reference": "c34f8dbf3ba57b3784b93f26119f436c0e8288e1",
                "shasum": ""
            },
            "require": {
                "bower-asset/jquery": ">=1.6"
            },
            "type": "bower-asset-library",
            "extra": {
                "bower-asset-main": [
                    "jquery-ui.js"
                ],
                "bower-asset-ignore": []
            }
        },
        {
            "name": "bower-asset/jquery.inputmask",
            "version": "3.1.63",
            "source": {
                "type": "git",
                "url": "https://github.com/RobinHerbots/jquery.inputmask.git",
                "reference": "c40c7287eadc31e341ebbf0c02352eb55b9cbc48"
            },
            "dist": {
                "type": "zip",
                "url": "https://api.github.com/repos/RobinHerbots/jquery.inputmask/zipball/c40c7287eadc31e341ebbf0c02352eb55b9cbc48",
                "reference": "c40c7287eadc31e341ebbf0c02352eb55b9cbc48",
                "shasum": ""
            },
            "require": {
                "bower-asset/jquery": ">=1.7"
            },
            "type": "bower-asset-library",
            "extra": {
                "bower-asset-main": [
                    "./dist/inputmask/jquery.inputmask.js",
                    "./dist/inputmask/jquery.inputmask.extensions.js",
                    "./dist/inputmask/jquery.inputmask.date.extensions.js",
                    "./dist/inputmask/jquery.inputmask.numeric.extensions.js",
                    "./dist/inputmask/jquery.inputmask.phone.extensions.js",
                    "./dist/inputmask/jquery.inputmask.regex.extensions.js"
                ],
                "bower-asset-ignore": [
                    "**/.*",
                    "qunit/",
                    "nuget/",
                    "tools/",
                    "js/",
                    "*.md",
                    "build.properties",
                    "build.xml",
                    "jquery.inputmask.jquery.json"
                ]
            },
            "license": [
                "http://opensource.org/licenses/mit-license.php"
            ],
            "description": "jquery.inputmask is a jquery plugin which create an input mask.",
            "keywords": [
                "form",
                "input",
                "inputmask",
                "jquery",
                "mask",
                "plugins"
            ]
        },
        {
            "name": "bower-asset/punycode",
            "version": "v1.3.2",
            "source": {
                "type": "git",
                "url": "https://github.com/bestiejs/punycode.js.git",
                "reference": "38c8d3131a82567bfef18da09f7f4db68c84f8a3"
            },
            "dist": {
                "type": "zip",
                "url": "https://api.github.com/repos/bestiejs/punycode.js/zipball/38c8d3131a82567bfef18da09f7f4db68c84f8a3",
                "reference": "38c8d3131a82567bfef18da09f7f4db68c84f8a3",
                "shasum": ""
            },
            "type": "bower-asset-library",
            "extra": {
                "bower-asset-main": "punycode.js",
                "bower-asset-ignore": [
                    "coverage",
                    "tests",
                    ".*",
                    "component.json",
                    "Gruntfile.js",
                    "node_modules",
                    "package.json"
                ]
            }
        },
        {
            "name": "bower-asset/yii2-pjax",
            "version": "v2.0.4",
            "source": {
                "type": "git",
                "url": "https://github.com/yiisoft/jquery-pjax.git",
                "reference": "3f20897307cca046fca5323b318475ae9dac0ca0"
            },
            "dist": {
                "type": "zip",
                "url": "https://api.github.com/repos/yiisoft/jquery-pjax/zipball/3f20897307cca046fca5323b318475ae9dac0ca0",
                "reference": "3f20897307cca046fca5323b318475ae9dac0ca0",
                "shasum": ""
            },
            "require": {
                "bower-asset/jquery": ">=1.8"
            },
            "type": "bower-asset-library",
            "extra": {
                "bower-asset-main": "./jquery.pjax.js",
                "bower-asset-ignore": [
                    ".travis.yml",
                    "Gemfile",
                    "Gemfile.lock",
                    "vendor/",
                    "script/",
                    "test/"
                ]
            },
            "license": [
                "MIT"
            ]
        },
        {
            "name": "cebe/markdown",
            "version": "1.1.0",
            "source": {
                "type": "git",
                "url": "https://github.com/cebe/markdown.git",
                "reference": "54a2c49de31cc44e864ebf0500a35ef21d0010b2"
            },
            "dist": {
                "type": "zip",
                "url": "https://api.github.com/repos/cebe/markdown/zipball/54a2c49de31cc44e864ebf0500a35ef21d0010b2",
                "reference": "54a2c49de31cc44e864ebf0500a35ef21d0010b2",
                "shasum": ""
            },
            "require": {
                "lib-pcre": "*",
                "php": ">=5.4.0"
            },
            "require-dev": {
                "cebe/indent": "*",
                "facebook/xhprof": "*@dev",
                "phpunit/phpunit": "4.1.*"
            },
            "bin": [
                "bin/markdown"
            ],
            "type": "library",
            "extra": {
                "branch-alias": {
                    "dev-master": "1.1.x-dev"
                }
            },
            "autoload": {
                "psr-4": {
                    "cebe\\markdown\\": ""
                }
            },
            "notification-url": "https://packagist.org/downloads/",
            "license": [
                "MIT"
            ],
            "authors": [
                {
                    "name": "Carsten Brandt",
                    "email": "mail@cebe.cc",
                    "homepage": "http://cebe.cc/",
                    "role": "Creator"
                }
            ],
            "description": "A super fast, highly extensible markdown parser for PHP",
            "homepage": "https://github.com/cebe/markdown#readme",
            "keywords": [
                "extensible",
                "fast",
                "gfm",
                "markdown",
                "markdown-extra"
            ],
            "time": "2015-03-06 05:28:07"
        },
        {
            "name": "creocoder/yii2-nested-sets",
            "version": "0.9.0",
            "source": {
                "type": "git",
                "url": "https://github.com/creocoder/yii2-nested-sets.git",
                "reference": "cb8635a459b6246e5a144f096b992dcc30cf9954"
            },
            "dist": {
                "type": "zip",
                "url": "https://api.github.com/repos/creocoder/yii2-nested-sets/zipball/cb8635a459b6246e5a144f096b992dcc30cf9954",
                "reference": "cb8635a459b6246e5a144f096b992dcc30cf9954",
                "shasum": ""
            },
            "require": {
                "yiisoft/yii2": "*"
            },
            "type": "yii2-extension",
            "autoload": {
                "psr-4": {
                    "creocoder\\nestedsets\\": "src"
                }
            },
            "notification-url": "https://packagist.org/downloads/",
            "license": [
                "BSD-3-Clause"
            ],
            "authors": [
                {
                    "name": "Alexander Kochetov",
                    "email": "creocoder@gmail.com"
                }
            ],
            "description": "The nested sets behavior for the Yii framework",
            "keywords": [
                "nested sets",
                "yii2"
            ],
            "time": "2015-01-27 10:53:51"
        },
        {
            "name": "ezyang/htmlpurifier",
            "version": "v4.6.0",
            "source": {
                "type": "git",
                "url": "https://github.com/ezyang/htmlpurifier.git",
                "reference": "6f389f0f25b90d0b495308efcfa073981177f0fd"
            },
            "dist": {
                "type": "zip",
                "url": "https://api.github.com/repos/ezyang/htmlpurifier/zipball/6f389f0f25b90d0b495308efcfa073981177f0fd",
                "reference": "6f389f0f25b90d0b495308efcfa073981177f0fd",
                "shasum": ""
            },
            "require": {
                "php": ">=5.2"
            },
            "type": "library",
            "autoload": {
                "psr-0": {
                    "HTMLPurifier": "library/"
                },
                "files": [
                    "library/HTMLPurifier.composer.php"
                ]
            },
            "notification-url": "https://packagist.org/downloads/",
            "license": [
                "LGPL"
            ],
            "authors": [
                {
                    "name": "Edward Z. Yang",
                    "email": "admin@htmlpurifier.org",
                    "homepage": "http://ezyang.com"
                }
            ],
            "description": "Standards compliant HTML filter written in PHP",
            "homepage": "http://htmlpurifier.org/",
            "keywords": [
                "html"
            ],
            "time": "2013-11-30 08:25:19"
        },
        {
            "name": "tinymce/tinymce",
            "version": "4.1.10",
            "source": {
                "type": "git",
                "url": "https://github.com/tinymce/tinymce-dist.git",
                "reference": "503d6fe1e69bd9830d39689b6e32a6c7ebffb861"
            },
            "dist": {
                "type": "zip",
                "url": "https://api.github.com/repos/tinymce/tinymce-dist/zipball/503d6fe1e69bd9830d39689b6e32a6c7ebffb861",
                "reference": "503d6fe1e69bd9830d39689b6e32a6c7ebffb861",
                "shasum": ""
            },
            "type": "component",
            "extra": {
                "component": {
                    "scripts": [
                        "tinymce.js",
                        "plugins/*/plugin.js",
                        "themes/*/theme.js"
                    ],
                    "files": [
                        "tinymce.min.js",
                        "plugins/*/plugin.min.js",
                        "themes/*/theme.min.js",
                        "skins/**"
                    ]
                }
            },
            "notification-url": "https://packagist.org/downloads/",
            "license": [
                "LGPL-2.1"
            ],
            "description": "Web based JavaScript HTML WYSIWYG editor control.",
            "homepage": "http://www.tinymce.com",
            "keywords": [
                "editor",
                "html",
                "javascript",
                "richtext",
                "tinymce",
                "wysiwyg"
            ],
            "time": "2015-05-05 12:07:24"
        },
        {
            "name": "yiisoft/yii2",
            "version": "2.0.4",
            "source": {
                "type": "git",
                "url": "https://github.com/yiisoft/yii2-framework.git",
                "reference": "726867caee3f23aa7a6975c801e64b6021e14f86"
            },
            "dist": {
                "type": "zip",
                "url": "https://api.github.com/repos/yiisoft/yii2-framework/zipball/726867caee3f23aa7a6975c801e64b6021e14f86",
                "reference": "726867caee3f23aa7a6975c801e64b6021e14f86",
                "shasum": ""
            },
            "require": {
                "bower-asset/jquery": "2.1.*@stable | 1.11.*@stable",
                "bower-asset/jquery.inputmask": "3.1.*",
                "bower-asset/punycode": "1.3.*",
                "bower-asset/yii2-pjax": ">=2.0.1",
                "cebe/markdown": "~1.0.0 | ~1.1.0",
                "ext-mbstring": "*",
                "ezyang/htmlpurifier": "4.6.*",
                "lib-pcre": "*",
                "php": ">=5.4.0",
                "yiisoft/yii2-composer": "*"
            },
            "bin": [
                "yii"
            ],
            "type": "library",
            "extra": {
                "branch-alias": {
                    "dev-master": "2.0.x-dev"
                }
            },
            "autoload": {
                "psr-4": {
                    "yii\\": ""
                }
            },
            "notification-url": "https://packagist.org/downloads/",
            "license": [
                "BSD-3-Clause"
            ],
            "authors": [
                {
                    "name": "Qiang Xue",
                    "email": "qiang.xue@gmail.com",
                    "homepage": "http://www.yiiframework.com/",
                    "role": "Founder and project lead"
                },
                {
                    "name": "Alexander Makarov",
                    "email": "sam@rmcreative.ru",
                    "homepage": "http://rmcreative.ru/",
                    "role": "Core framework development"
                },
                {
                    "name": "Maurizio Domba",
                    "homepage": "http://mdomba.info/",
                    "role": "Core framework development"
                },
                {
                    "name": "Carsten Brandt",
                    "email": "mail@cebe.cc",
                    "homepage": "http://cebe.cc/",
                    "role": "Core framework development"
                },
                {
                    "name": "Timur Ruziev",
                    "email": "resurtm@gmail.com",
                    "homepage": "http://resurtm.com/",
                    "role": "Core framework development"
                },
                {
                    "name": "Paul Klimov",
                    "email": "klimov.paul@gmail.com",
                    "role": "Core framework development"
                }
            ],
            "description": "Yii PHP Framework Version 2",
            "homepage": "http://www.yiiframework.com/",
            "keywords": [
                "framework",
                "yii2"
            ],
            "time": "2015-05-10 20:09:47"
        },
        {
            "name": "yiisoft/yii2-bootstrap",
            "version": "2.0.4",
            "source": {
                "type": "git",
                "url": "https://github.com/yiisoft/yii2-bootstrap.git",
                "reference": "1b6b1e61cf91c3cdd517d6a7e71d30bb212e4af0"
            },
            "dist": {
                "type": "zip",
                "url": "https://api.github.com/repos/yiisoft/yii2-bootstrap/zipball/1b6b1e61cf91c3cdd517d6a7e71d30bb212e4af0",
                "reference": "1b6b1e61cf91c3cdd517d6a7e71d30bb212e4af0",
                "shasum": ""
            },
            "require": {
                "bower-asset/bootstrap": "3.3.* | 3.2.* | 3.1.*",
                "yiisoft/yii2": ">=2.0.4"
            },
            "type": "yii2-extension",
            "extra": {
                "branch-alias": {
                    "dev-master": "2.0.x-dev"
                },
                "asset-installer-paths": {
                    "npm-asset-library": "vendor/npm",
                    "bower-asset-library": "vendor/bower"
                }
            },
            "autoload": {
                "psr-4": {
                    "yii\\bootstrap\\": ""
                }
            },
            "notification-url": "https://packagist.org/downloads/",
            "license": [
                "BSD-3-Clause"
            ],
            "authors": [
                {
                    "name": "Qiang Xue",
                    "email": "qiang.xue@gmail.com"
                }
            ],
            "description": "The Twitter Bootstrap extension for the Yii framework",
            "keywords": [
                "bootstrap",
                "yii2"
            ],
            "time": "2015-05-10 22:08:17"
        },
        {
            "name": "yiisoft/yii2-composer",
            "version": "2.0.3",
            "source": {
                "type": "git",
                "url": "https://github.com/yiisoft/yii2-composer.git",
                "reference": "ca8d23707ae47d20b0454e4b135c156f6da6d7be"
            },
            "dist": {
                "type": "zip",
                "url": "https://api.github.com/repos/yiisoft/yii2-composer/zipball/ca8d23707ae47d20b0454e4b135c156f6da6d7be",
                "reference": "ca8d23707ae47d20b0454e4b135c156f6da6d7be",
                "shasum": ""
            },
            "require": {
                "composer-plugin-api": "1.0.0"
            },
            "type": "composer-plugin",
            "extra": {
                "class": "yii\\composer\\Plugin",
                "branch-alias": {
                    "dev-master": "2.0.x-dev"
                }
            },
            "autoload": {
                "psr-4": {
                    "yii\\composer\\": ""
                }
            },
            "notification-url": "https://packagist.org/downloads/",
            "license": [
                "BSD-3-Clause"
            ],
            "authors": [
                {
                    "name": "Qiang Xue",
                    "email": "qiang.xue@gmail.com"
                }
            ],
            "description": "The composer plugin for Yii extension installer",
            "keywords": [
                "composer",
                "extension installer",
                "yii2"
            ],
            "time": "2015-03-01 06:22:44"
        },
        {
            "name": "yiisoft/yii2-jui",
            "version": "2.0.4",
            "source": {
                "type": "git",
                "url": "https://github.com/yiisoft/yii2-jui.git",
                "reference": "ce16f29cca654702c2ee500ccad9657a2d2e6a09"
            },
            "dist": {
                "type": "zip",
                "url": "https://api.github.com/repos/yiisoft/yii2-jui/zipball/ce16f29cca654702c2ee500ccad9657a2d2e6a09",
                "reference": "ce16f29cca654702c2ee500ccad9657a2d2e6a09",
                "shasum": ""
            },
            "require": {
                "bower-asset/jquery-ui": "1.11.*@stable",
                "yiisoft/yii2": ">=2.0.4"
            },
            "type": "yii2-extension",
            "extra": {
                "branch-alias": {
                    "dev-master": "2.0.x-dev"
                },
                "asset-installer-paths": {
                    "npm-asset-library": "vendor/npm",
                    "bower-asset-library": "vendor/bower"
                }
            },
            "autoload": {
                "psr-4": {
                    "yii\\jui\\": ""
                }
            },
            "notification-url": "https://packagist.org/downloads/",
            "license": [
                "BSD-3-Clause"
            ],
            "authors": [
                {
                    "name": "Qiang Xue",
                    "email": "qiang.xue@gmail.com"
                }
            ],
            "description": "The Jquery UI extension for the Yii framework",
            "keywords": [
                "jQuery UI",
                "yii2"
            ],
            "time": "2015-05-10 22:09:43"
        }
    ],
    "packages-dev": [],
    "aliases": [],
    "minimum-stability": "stable",
    "stability-flags": {
        "bigbrush/yii2-big": 20
    },
    "prefer-stable": false,
    "prefer-lowest": false,
    "platform": [],
    "platform-dev": []
}
